// !$*UTF8*$!
{
	archiveVersion = 1;
	classes = {
	};
	objectVersion = 56;
	objects = {

/* Begin PBXBuildFile section */
		04779FE54230B55DD4BF70B6 /* Pods_TestNawaTech_TestNawaTechUITests.framework in Frameworks */ = {isa = PBXBuildFile; fileRef = 30B2DBF23FBC7E6FEBA8F15E /* Pods_TestNawaTech_TestNawaTechUITests.framework */; };
		5673CEF932677A64BF05F227 /* Pods_TestNawaTechTests.framework in Frameworks */ = {isa = PBXBuildFile; fileRef = DDA540FBA79E8576CC1248E1 /* Pods_TestNawaTechTests.framework */; };
		9A8E6D1822D842B1C7CE1505 /* Pods_TestNawaTech.framework in Frameworks */ = {isa = PBXBuildFile; fileRef = 8E83E182874043BCF961FD31 /* Pods_TestNawaTech.framework */; };
		FC073CB22A98467200E8F9E9 /* CustomTextView.swift in Sources */ = {isa = PBXBuildFile; fileRef = FC073CB12A98467200E8F9E9 /* CustomTextView.swift */; };
		FC08C1BE2A9CE46800A60B9C /* FirebaseStorageManager.swift in Sources */ = {isa = PBXBuildFile; fileRef = FC08C1BD2A9CE46800A60B9C /* FirebaseStorageManager.swift */; };
		FC08C1C02A9CE5D000A60B9C /* UIView+Extension.swift in Sources */ = {isa = PBXBuildFile; fileRef = FC08C1BF2A9CE5D000A60B9C /* UIView+Extension.swift */; };
		FC1638A72A99B58B00E7C238 /* CustomButton.swift in Sources */ = {isa = PBXBuildFile; fileRef = FC1638A62A99B58B00E7C238 /* CustomButton.swift */; };
		FC1638AC2A9B56B900E7C238 /* CustomAlertViewController.swift in Sources */ = {isa = PBXBuildFile; fileRef = FC1638AB2A9B56B900E7C238 /* CustomAlertViewController.swift */; };
		FC1638AF2A9C57F000E7C238 /* ProfileProtocol.swift in Sources */ = {isa = PBXBuildFile; fileRef = FC1638AE2A9C57F000E7C238 /* ProfileProtocol.swift */; };
		FC1638B12A9C583100E7C238 /* ProfilePresenter.swift in Sources */ = {isa = PBXBuildFile; fileRef = FC1638B02A9C583100E7C238 /* ProfilePresenter.swift */; };
		FC1638B32A9C584C00E7C238 /* ProfileInteractor.swift in Sources */ = {isa = PBXBuildFile; fileRef = FC1638B22A9C584C00E7C238 /* ProfileInteractor.swift */; };
		FC1638B52A9C587400E7C238 /* ProfileRouter.swift in Sources */ = {isa = PBXBuildFile; fileRef = FC1638B42A9C587400E7C238 /* ProfileRouter.swift */; };
		FC1638B72A9C588900E7C238 /* ProfileViewController.swift in Sources */ = {isa = PBXBuildFile; fileRef = FC1638B62A9C588900E7C238 /* ProfileViewController.swift */; };
		FC1638B92A9C5B3800E7C238 /* Profile.swift in Sources */ = {isa = PBXBuildFile; fileRef = FC1638B82A9C5B3800E7C238 /* Profile.swift */; };
		FC1638BB2A9C5C5700E7C238 /* ProfileHeaderView.swift in Sources */ = {isa = PBXBuildFile; fileRef = FC1638BA2A9C5C5700E7C238 /* ProfileHeaderView.swift */; };
		FC1699102A9D6ADA00AC6F6C /* UserDefaultHelper.swift in Sources */ = {isa = PBXBuildFile; fileRef = FC16990F2A9D6ADA00AC6F6C /* UserDefaultHelper.swift */; };
		FC1699142A9D75F800AC6F6C /* HistoryProtocol.swift in Sources */ = {isa = PBXBuildFile; fileRef = FC1699132A9D75F800AC6F6C /* HistoryProtocol.swift */; };
		FC1699162A9D761B00AC6F6C /* HistoryPresenter.swift in Sources */ = {isa = PBXBuildFile; fileRef = FC1699152A9D761B00AC6F6C /* HistoryPresenter.swift */; };
		FC1699182A9D763400AC6F6C /* HistoryInteractor.swift in Sources */ = {isa = PBXBuildFile; fileRef = FC1699172A9D763400AC6F6C /* HistoryInteractor.swift */; };
		FC16991A2A9D765400AC6F6C /* HistoryRouter.swift in Sources */ = {isa = PBXBuildFile; fileRef = FC1699192A9D765400AC6F6C /* HistoryRouter.swift */; };
		FC16991C2A9D766900AC6F6C /* HistoryViewController.swift in Sources */ = {isa = PBXBuildFile; fileRef = FC16991B2A9D766900AC6F6C /* HistoryViewController.swift */; };
		FC16991E2A9D887300AC6F6C /* CustomNavigationController.swift in Sources */ = {isa = PBXBuildFile; fileRef = FC16991D2A9D887300AC6F6C /* CustomNavigationController.swift */; };
		FC2194792A9C7EA0002B5F8F /* ProfileTableViewCell.swift in Sources */ = {isa = PBXBuildFile; fileRef = FC2194782A9C7EA0002B5F8F /* ProfileTableViewCell.swift */; };
		FC9E980E2A9C92100056A17E /* Setting.swift in Sources */ = {isa = PBXBuildFile; fileRef = FC9E980D2A9C92100056A17E /* Setting.swift */; };
		FC9E98102A9CC93A0056A17E /* BarChart.swift in Sources */ = {isa = PBXBuildFile; fileRef = FC9E980F2A9CC93A0056A17E /* BarChart.swift */; };
		FCA5A6FB2A9E40BD00D8D346 /* Double+Extension.swift in Sources */ = {isa = PBXBuildFile; fileRef = FCA5A6FA2A9E40BD00D8D346 /* Double+Extension.swift */; };
		FCA5A6FD2A9E472D00D8D346 /* NSNotificationName.swift in Sources */ = {isa = PBXBuildFile; fileRef = FCA5A6FC2A9E472D00D8D346 /* NSNotificationName.swift */; };
		FCA6B8302A9D96B000381014 /* StatisticTableViewHeader.swift in Sources */ = {isa = PBXBuildFile; fileRef = FCA6B82F2A9D96B000381014 /* StatisticTableViewHeader.swift */; };
		FCA6B8322A9DBDC000381014 /* Int+Extension.swift in Sources */ = {isa = PBXBuildFile; fileRef = FCA6B8312A9DBDC000381014 /* Int+Extension.swift */; };
		FCA6B8352A9DC09800381014 /* CGFloat+Extension.swift in Sources */ = {isa = PBXBuildFile; fileRef = FCA6B8342A9DC09800381014 /* CGFloat+Extension.swift */; };
		FCA6B8372A9DC8BB00381014 /* HistoryTableViewCell.swift in Sources */ = {isa = PBXBuildFile; fileRef = FCA6B8362A9DC8BB00381014 /* HistoryTableViewCell.swift */; };
		FCCBF5B72A9821D600C89C0C /* String+Extension.swift in Sources */ = {isa = PBXBuildFile; fileRef = FCCBF5B62A9821D600C89C0C /* String+Extension.swift */; };
		FCCBF5B92A982AC400C89C0C /* Purchase.swift in Sources */ = {isa = PBXBuildFile; fileRef = FCCBF5B82A982AC400C89C0C /* Purchase.swift */; };
		FCCBF5BB2A982DC400C89C0C /* Date+Extension.swift in Sources */ = {isa = PBXBuildFile; fileRef = FCCBF5BA2A982DC400C89C0C /* Date+Extension.swift */; };
		FCCBF5BD2A982F3400C89C0C /* UIViewController+Extension.swift in Sources */ = {isa = PBXBuildFile; fileRef = FCCBF5BC2A982F3400C89C0C /* UIViewController+Extension.swift */; };
		FCCBF5C12A98377A00C89C0C /* AuthProtocol.swift in Sources */ = {isa = PBXBuildFile; fileRef = FCCBF5C02A98377A00C89C0C /* AuthProtocol.swift */; };
		FCCBF5C32A9837B100C89C0C /* AuthRouter.swift in Sources */ = {isa = PBXBuildFile; fileRef = FCCBF5C22A9837B100C89C0C /* AuthRouter.swift */; };
		FCCBF5C52A9837C800C89C0C /* AuthPresenter.swift in Sources */ = {isa = PBXBuildFile; fileRef = FCCBF5C42A9837C800C89C0C /* AuthPresenter.swift */; };
		FCCBF5C72A9837E700C89C0C /* AuthInteractor.swift in Sources */ = {isa = PBXBuildFile; fileRef = FCCBF5C62A9837E700C89C0C /* AuthInteractor.swift */; };
		FCCBF5C92A9837FF00C89C0C /* AuthViewController.swift in Sources */ = {isa = PBXBuildFile; fileRef = FCCBF5C82A9837FF00C89C0C /* AuthViewController.swift */; };
		FCDBD9282A970DC5003CFB06 /* AppDelegate.swift in Sources */ = {isa = PBXBuildFile; fileRef = FCDBD9272A970DC5003CFB06 /* AppDelegate.swift */; };
		FCDBD92A2A970DC5003CFB06 /* SceneDelegate.swift in Sources */ = {isa = PBXBuildFile; fileRef = FCDBD9292A970DC5003CFB06 /* SceneDelegate.swift */; };
		FCDBD9322A970DC5003CFB06 /* TestNawaTech.xcdatamodeld in Sources */ = {isa = PBXBuildFile; fileRef = FCDBD9302A970DC5003CFB06 /* TestNawaTech.xcdatamodeld */; };
		FCDBD9342A970DC6003CFB06 /* Assets.xcassets in Resources */ = {isa = PBXBuildFile; fileRef = FCDBD9332A970DC6003CFB06 /* Assets.xcassets */; };
		FCDBD9372A970DC6003CFB06 /* LaunchScreen.storyboard in Resources */ = {isa = PBXBuildFile; fileRef = FCDBD9352A970DC6003CFB06 /* LaunchScreen.storyboard */; };
		FCDBD9422A970DC7003CFB06 /* TestNawaTechTests.swift in Sources */ = {isa = PBXBuildFile; fileRef = FCDBD9412A970DC7003CFB06 /* TestNawaTechTests.swift */; };
		FCDBD94C2A970DC7003CFB06 /* TestNawaTechUITests.swift in Sources */ = {isa = PBXBuildFile; fileRef = FCDBD94B2A970DC7003CFB06 /* TestNawaTechUITests.swift */; };
		FCDBD94E2A970DC7003CFB06 /* TestNawaTechUITestsLaunchTests.swift in Sources */ = {isa = PBXBuildFile; fileRef = FCDBD94D2A970DC7003CFB06 /* TestNawaTechUITestsLaunchTests.swift */; };
		FCDBD95B2A970DE0003CFB06 /* HomeViewController.swift in Sources */ = {isa = PBXBuildFile; fileRef = FCDBD95A2A970DE0003CFB06 /* HomeViewController.swift */; };
		FCDBD95D2A970E00003CFB06 /* HomeProtocol.swift in Sources */ = {isa = PBXBuildFile; fileRef = FCDBD95C2A970E00003CFB06 /* HomeProtocol.swift */; };
		FCDBD95F2A970F66003CFB06 /* NetworkManager.swift in Sources */ = {isa = PBXBuildFile; fileRef = FCDBD95E2A970F66003CFB06 /* NetworkManager.swift */; };
		FCDBD9612A970F8B003CFB06 /* URLManager.swift in Sources */ = {isa = PBXBuildFile; fileRef = FCDBD9602A970F8B003CFB06 /* URLManager.swift */; };
		FCDBD9652A970FD1003CFB06 /* CustomError.swift in Sources */ = {isa = PBXBuildFile; fileRef = FCDBD9642A970FD1003CFB06 /* CustomError.swift */; };
		FCDBD96F2A9718D1003CFB06 /* FirebaseCollection+Extension.swift in Sources */ = {isa = PBXBuildFile; fileRef = FCDBD96E2A9718D1003CFB06 /* FirebaseCollection+Extension.swift */; };
		FCDBD9712A971DFC003CFB06 /* GoogleService-Info.plist in Resources */ = {isa = PBXBuildFile; fileRef = FCDBD9702A971DFC003CFB06 /* GoogleService-Info.plist */; };
		FCDBD9732A971E26003CFB06 /* HomePresenter.swift in Sources */ = {isa = PBXBuildFile; fileRef = FCDBD9722A971E26003CFB06 /* HomePresenter.swift */; };
		FCDBD9752A971EE2003CFB06 /* HomeInteractor.swift in Sources */ = {isa = PBXBuildFile; fileRef = FCDBD9742A971EE2003CFB06 /* HomeInteractor.swift */; };
		FCDBD9772A971F3A003CFB06 /* MotorCycle.swift in Sources */ = {isa = PBXBuildFile; fileRef = FCDBD9762A971F3A003CFB06 /* MotorCycle.swift */; };
		FCDBD9792A97208E003CFB06 /* HomeRouter.swift in Sources */ = {isa = PBXBuildFile; fileRef = FCDBD9782A97208E003CFB06 /* HomeRouter.swift */; };
		FCEAC76D2A9726FC00A31AF1 /* MotorcycleCollectionViewCell.swift in Sources */ = {isa = PBXBuildFile; fileRef = FCEAC76C2A9726FC00A31AF1 /* MotorcycleCollectionViewCell.swift */; };
		FCEAC7742A9737C400A31AF1 /* UIColor+Extension.swift in Sources */ = {isa = PBXBuildFile; fileRef = FCEAC7732A9737C400A31AF1 /* UIColor+Extension.swift */; };
		FCEAC7762A973F8E00A31AF1 /* HomeUITests.swift in Sources */ = {isa = PBXBuildFile; fileRef = FCEAC7752A973F8E00A31AF1 /* HomeUITests.swift */; };
		FCEAC7782A973FBB00A31AF1 /* MockDataProvider.swift in Sources */ = {isa = PBXBuildFile; fileRef = FCEAC7772A973FBB00A31AF1 /* MockDataProvider.swift */; };
		FCEAC7792A973FE100A31AF1 /* MotorCycle.swift in Sources */ = {isa = PBXBuildFile; fileRef = FCDBD9762A971F3A003CFB06 /* MotorCycle.swift */; };
		FCEAC77B2A9740F700A31AF1 /* HomePresenterMock.swift in Sources */ = {isa = PBXBuildFile; fileRef = FCEAC77A2A9740F700A31AF1 /* HomePresenterMock.swift */; };
		FCEAC77C2A97410500A31AF1 /* HomeProtocol.swift in Sources */ = {isa = PBXBuildFile; fileRef = FCDBD95C2A970E00003CFB06 /* HomeProtocol.swift */; };
		FCEAC77D2A97414D00A31AF1 /* HomePresenterMock.swift in Sources */ = {isa = PBXBuildFile; fileRef = FCEAC77A2A9740F700A31AF1 /* HomePresenterMock.swift */; };
		FCEAC77F2A9741E700A31AF1 /* MockDataProvider.swift in Sources */ = {isa = PBXBuildFile; fileRef = FCEAC7772A973FBB00A31AF1 /* MockDataProvider.swift */; };
		FCEAC7802A9746C800A31AF1 /* HomeRouter.swift in Sources */ = {isa = PBXBuildFile; fileRef = FCDBD9782A97208E003CFB06 /* HomeRouter.swift */; };
		FCEAC7812A9746CA00A31AF1 /* HomeInteractor.swift in Sources */ = {isa = PBXBuildFile; fileRef = FCDBD9742A971EE2003CFB06 /* HomeInteractor.swift */; };
		FCEAC7822A9746CD00A31AF1 /* HomePresenter.swift in Sources */ = {isa = PBXBuildFile; fileRef = FCDBD9722A971E26003CFB06 /* HomePresenter.swift */; };
		FCEAC7832A9746CE00A31AF1 /* HomeViewController.swift in Sources */ = {isa = PBXBuildFile; fileRef = FCDBD95A2A970DE0003CFB06 /* HomeViewController.swift */; };
		FCEAC7842A9746D000A31AF1 /* MotorcycleCollectionViewCell.swift in Sources */ = {isa = PBXBuildFile; fileRef = FCEAC76C2A9726FC00A31AF1 /* MotorcycleCollectionViewCell.swift */; };
		FCEAC7852A9746DB00A31AF1 /* URLManager.swift in Sources */ = {isa = PBXBuildFile; fileRef = FCDBD9602A970F8B003CFB06 /* URLManager.swift */; };
		FCEAC7862A9746DD00A31AF1 /* NetworkManager.swift in Sources */ = {isa = PBXBuildFile; fileRef = FCDBD95E2A970F66003CFB06 /* NetworkManager.swift */; };
		FCEAC7872A97471100A31AF1 /* UIColor+Extension.swift in Sources */ = {isa = PBXBuildFile; fileRef = FCEAC7732A9737C400A31AF1 /* UIColor+Extension.swift */; };
		FCEAC7892A97547B00A31AF1 /* MotorcycleDetailProtocol.swift in Sources */ = {isa = PBXBuildFile; fileRef = FCEAC7882A97547B00A31AF1 /* MotorcycleDetailProtocol.swift */; };
		FCEAC78B2A9754C400A31AF1 /* MotorcycleDetailViewController.swift in Sources */ = {isa = PBXBuildFile; fileRef = FCEAC78A2A9754C400A31AF1 /* MotorcycleDetailViewController.swift */; };
		FCEAC78D2A9757FD00A31AF1 /* MotorcycleRouter.swift in Sources */ = {isa = PBXBuildFile; fileRef = FCEAC78C2A9757FD00A31AF1 /* MotorcycleRouter.swift */; };
		FCEAC78F2A97582000A31AF1 /* MotorcycleDetailPresenter.swift in Sources */ = {isa = PBXBuildFile; fileRef = FCEAC78E2A97582000A31AF1 /* MotorcycleDetailPresenter.swift */; };
		FCEAC7912A97583600A31AF1 /* MotorcycleInteractor.swift in Sources */ = {isa = PBXBuildFile; fileRef = FCEAC7902A97583600A31AF1 /* MotorcycleInteractor.swift */; };
/* End PBXBuildFile section */

/* Begin PBXContainerItemProxy section */
		FCDBD93E2A970DC7003CFB06 /* PBXContainerItemProxy */ = {
			isa = PBXContainerItemProxy;
			containerPortal = FCDBD91C2A970DC5003CFB06 /* Project object */;
			proxyType = 1;
			remoteGlobalIDString = FCDBD9232A970DC5003CFB06;
			remoteInfo = TestNawaTech;
		};
		FCDBD9482A970DC7003CFB06 /* PBXContainerItemProxy */ = {
			isa = PBXContainerItemProxy;
			containerPortal = FCDBD91C2A970DC5003CFB06 /* Project object */;
			proxyType = 1;
			remoteGlobalIDString = FCDBD9232A970DC5003CFB06;
			remoteInfo = TestNawaTech;
		};
/* End PBXContainerItemProxy section */

/* Begin PBXFileReference section */
		10745DBC92CEEBB2BBE5294B /* Pods-TestNawaTech.release.xcconfig */ = {isa = PBXFileReference; includeInIndex = 1; lastKnownFileType = text.xcconfig; name = "Pods-TestNawaTech.release.xcconfig"; path = "Target Support Files/Pods-TestNawaTech/Pods-TestNawaTech.release.xcconfig"; sourceTree = "<group>"; };
		1FD6E64659AC5D73B939FE54 /* Pods-TestNawaTech-TestNawaTechUITests.release.xcconfig */ = {isa = PBXFileReference; includeInIndex = 1; lastKnownFileType = text.xcconfig; name = "Pods-TestNawaTech-TestNawaTechUITests.release.xcconfig"; path = "Target Support Files/Pods-TestNawaTech-TestNawaTechUITests/Pods-TestNawaTech-TestNawaTechUITests.release.xcconfig"; sourceTree = "<group>"; };
		30B2DBF23FBC7E6FEBA8F15E /* Pods_TestNawaTech_TestNawaTechUITests.framework */ = {isa = PBXFileReference; explicitFileType = wrapper.framework; includeInIndex = 0; path = Pods_TestNawaTech_TestNawaTechUITests.framework; sourceTree = BUILT_PRODUCTS_DIR; };
		3C5B37E6EB405E59BFDC1E4E /* Pods-TestNawaTech.debug.xcconfig */ = {isa = PBXFileReference; includeInIndex = 1; lastKnownFileType = text.xcconfig; name = "Pods-TestNawaTech.debug.xcconfig"; path = "Target Support Files/Pods-TestNawaTech/Pods-TestNawaTech.debug.xcconfig"; sourceTree = "<group>"; };
		8E83E182874043BCF961FD31 /* Pods_TestNawaTech.framework */ = {isa = PBXFileReference; explicitFileType = wrapper.framework; includeInIndex = 0; path = Pods_TestNawaTech.framework; sourceTree = BUILT_PRODUCTS_DIR; };
		92A26537EDD0531756CEE3C0 /* Pods-TestNawaTechTests.debug.xcconfig */ = {isa = PBXFileReference; includeInIndex = 1; lastKnownFileType = text.xcconfig; name = "Pods-TestNawaTechTests.debug.xcconfig"; path = "Target Support Files/Pods-TestNawaTechTests/Pods-TestNawaTechTests.debug.xcconfig"; sourceTree = "<group>"; };
		9EDE15163EB122BA5444E936 /* Pods-TestNawaTech-TestNawaTechUITests.debug.xcconfig */ = {isa = PBXFileReference; includeInIndex = 1; lastKnownFileType = text.xcconfig; name = "Pods-TestNawaTech-TestNawaTechUITests.debug.xcconfig"; path = "Target Support Files/Pods-TestNawaTech-TestNawaTechUITests/Pods-TestNawaTech-TestNawaTechUITests.debug.xcconfig"; sourceTree = "<group>"; };
		AAA55312D52372544CD359E3 /* Pods-TestNawaTechTests.release.xcconfig */ = {isa = PBXFileReference; includeInIndex = 1; lastKnownFileType = text.xcconfig; name = "Pods-TestNawaTechTests.release.xcconfig"; path = "Target Support Files/Pods-TestNawaTechTests/Pods-TestNawaTechTests.release.xcconfig"; sourceTree = "<group>"; };
		DDA540FBA79E8576CC1248E1 /* Pods_TestNawaTechTests.framework */ = {isa = PBXFileReference; explicitFileType = wrapper.framework; includeInIndex = 0; path = Pods_TestNawaTechTests.framework; sourceTree = BUILT_PRODUCTS_DIR; };
		FC073CB12A98467200E8F9E9 /* CustomTextView.swift */ = {isa = PBXFileReference; lastKnownFileType = sourcecode.swift; path = CustomTextView.swift; sourceTree = "<group>"; };
		FC08C1BD2A9CE46800A60B9C /* FirebaseStorageManager.swift */ = {isa = PBXFileReference; lastKnownFileType = sourcecode.swift; path = FirebaseStorageManager.swift; sourceTree = "<group>"; };
		FC08C1BF2A9CE5D000A60B9C /* UIView+Extension.swift */ = {isa = PBXFileReference; lastKnownFileType = sourcecode.swift; path = "UIView+Extension.swift"; sourceTree = "<group>"; };
		FC1638A62A99B58B00E7C238 /* CustomButton.swift */ = {isa = PBXFileReference; lastKnownFileType = sourcecode.swift; path = CustomButton.swift; sourceTree = "<group>"; };
		FC1638AB2A9B56B900E7C238 /* CustomAlertViewController.swift */ = {isa = PBXFileReference; lastKnownFileType = sourcecode.swift; path = CustomAlertViewController.swift; sourceTree = "<group>"; };
		FC1638AE2A9C57F000E7C238 /* ProfileProtocol.swift */ = {isa = PBXFileReference; lastKnownFileType = sourcecode.swift; path = ProfileProtocol.swift; sourceTree = "<group>"; };
		FC1638B02A9C583100E7C238 /* ProfilePresenter.swift */ = {isa = PBXFileReference; lastKnownFileType = sourcecode.swift; path = ProfilePresenter.swift; sourceTree = "<group>"; };
		FC1638B22A9C584C00E7C238 /* ProfileInteractor.swift */ = {isa = PBXFileReference; lastKnownFileType = sourcecode.swift; path = ProfileInteractor.swift; sourceTree = "<group>"; };
		FC1638B42A9C587400E7C238 /* ProfileRouter.swift */ = {isa = PBXFileReference; lastKnownFileType = sourcecode.swift; path = ProfileRouter.swift; sourceTree = "<group>"; };
		FC1638B62A9C588900E7C238 /* ProfileViewController.swift */ = {isa = PBXFileReference; lastKnownFileType = sourcecode.swift; path = ProfileViewController.swift; sourceTree = "<group>"; };
		FC1638B82A9C5B3800E7C238 /* Profile.swift */ = {isa = PBXFileReference; lastKnownFileType = sourcecode.swift; path = Profile.swift; sourceTree = "<group>"; };
		FC1638BA2A9C5C5700E7C238 /* ProfileHeaderView.swift */ = {isa = PBXFileReference; lastKnownFileType = sourcecode.swift; path = ProfileHeaderView.swift; sourceTree = "<group>"; };
		FC16990F2A9D6ADA00AC6F6C /* UserDefaultHelper.swift */ = {isa = PBXFileReference; lastKnownFileType = sourcecode.swift; path = UserDefaultHelper.swift; sourceTree = "<group>"; };
		FC1699132A9D75F800AC6F6C /* HistoryProtocol.swift */ = {isa = PBXFileReference; lastKnownFileType = sourcecode.swift; path = HistoryProtocol.swift; sourceTree = "<group>"; };
		FC1699152A9D761B00AC6F6C /* HistoryPresenter.swift */ = {isa = PBXFileReference; lastKnownFileType = sourcecode.swift; path = HistoryPresenter.swift; sourceTree = "<group>"; };
		FC1699172A9D763400AC6F6C /* HistoryInteractor.swift */ = {isa = PBXFileReference; lastKnownFileType = sourcecode.swift; path = HistoryInteractor.swift; sourceTree = "<group>"; };
		FC1699192A9D765400AC6F6C /* HistoryRouter.swift */ = {isa = PBXFileReference; lastKnownFileType = sourcecode.swift; path = HistoryRouter.swift; sourceTree = "<group>"; };
		FC16991B2A9D766900AC6F6C /* HistoryViewController.swift */ = {isa = PBXFileReference; lastKnownFileType = sourcecode.swift; path = HistoryViewController.swift; sourceTree = "<group>"; };
		FC16991D2A9D887300AC6F6C /* CustomNavigationController.swift */ = {isa = PBXFileReference; lastKnownFileType = sourcecode.swift; path = CustomNavigationController.swift; sourceTree = "<group>"; };
		FC2194782A9C7EA0002B5F8F /* ProfileTableViewCell.swift */ = {isa = PBXFileReference; lastKnownFileType = sourcecode.swift; path = ProfileTableViewCell.swift; sourceTree = "<group>"; };
		FC9E980D2A9C92100056A17E /* Setting.swift */ = {isa = PBXFileReference; lastKnownFileType = sourcecode.swift; path = Setting.swift; sourceTree = "<group>"; };
		FC9E980F2A9CC93A0056A17E /* BarChart.swift */ = {isa = PBXFileReference; lastKnownFileType = sourcecode.swift; path = BarChart.swift; sourceTree = "<group>"; };
		FCA5A6FA2A9E40BD00D8D346 /* Double+Extension.swift */ = {isa = PBXFileReference; lastKnownFileType = sourcecode.swift; path = "Double+Extension.swift"; sourceTree = "<group>"; };
		FCA5A6FC2A9E472D00D8D346 /* NSNotificationName.swift */ = {isa = PBXFileReference; lastKnownFileType = sourcecode.swift; path = NSNotificationName.swift; sourceTree = "<group>"; };
		FCA6B82F2A9D96B000381014 /* StatisticTableViewHeader.swift */ = {isa = PBXFileReference; lastKnownFileType = sourcecode.swift; path = StatisticTableViewHeader.swift; sourceTree = "<group>"; };
		FCA6B8312A9DBDC000381014 /* Int+Extension.swift */ = {isa = PBXFileReference; lastKnownFileType = sourcecode.swift; path = "Int+Extension.swift"; sourceTree = "<group>"; };
		FCA6B8342A9DC09800381014 /* CGFloat+Extension.swift */ = {isa = PBXFileReference; lastKnownFileType = sourcecode.swift; path = "CGFloat+Extension.swift"; sourceTree = "<group>"; };
		FCA6B8362A9DC8BB00381014 /* HistoryTableViewCell.swift */ = {isa = PBXFileReference; lastKnownFileType = sourcecode.swift; path = HistoryTableViewCell.swift; sourceTree = "<group>"; };
		FCCBF5B62A9821D600C89C0C /* String+Extension.swift */ = {isa = PBXFileReference; lastKnownFileType = sourcecode.swift; path = "String+Extension.swift"; sourceTree = "<group>"; };
		FCCBF5B82A982AC400C89C0C /* Purchase.swift */ = {isa = PBXFileReference; lastKnownFileType = sourcecode.swift; path = Purchase.swift; sourceTree = "<group>"; };
		FCCBF5BA2A982DC400C89C0C /* Date+Extension.swift */ = {isa = PBXFileReference; lastKnownFileType = sourcecode.swift; path = "Date+Extension.swift"; sourceTree = "<group>"; };
		FCCBF5BC2A982F3400C89C0C /* UIViewController+Extension.swift */ = {isa = PBXFileReference; lastKnownFileType = sourcecode.swift; path = "UIViewController+Extension.swift"; sourceTree = "<group>"; };
		FCCBF5C02A98377A00C89C0C /* AuthProtocol.swift */ = {isa = PBXFileReference; lastKnownFileType = sourcecode.swift; path = AuthProtocol.swift; sourceTree = "<group>"; };
		FCCBF5C22A9837B100C89C0C /* AuthRouter.swift */ = {isa = PBXFileReference; lastKnownFileType = sourcecode.swift; path = AuthRouter.swift; sourceTree = "<group>"; };
		FCCBF5C42A9837C800C89C0C /* AuthPresenter.swift */ = {isa = PBXFileReference; lastKnownFileType = sourcecode.swift; path = AuthPresenter.swift; sourceTree = "<group>"; };
		FCCBF5C62A9837E700C89C0C /* AuthInteractor.swift */ = {isa = PBXFileReference; lastKnownFileType = sourcecode.swift; path = AuthInteractor.swift; sourceTree = "<group>"; };
		FCCBF5C82A9837FF00C89C0C /* AuthViewController.swift */ = {isa = PBXFileReference; lastKnownFileType = sourcecode.swift; path = AuthViewController.swift; sourceTree = "<group>"; };
		FCDBD9242A970DC5003CFB06 /* TestNawaTech.app */ = {isa = PBXFileReference; explicitFileType = wrapper.application; includeInIndex = 0; path = TestNawaTech.app; sourceTree = BUILT_PRODUCTS_DIR; };
		FCDBD9272A970DC5003CFB06 /* AppDelegate.swift */ = {isa = PBXFileReference; lastKnownFileType = sourcecode.swift; path = AppDelegate.swift; sourceTree = "<group>"; };
		FCDBD9292A970DC5003CFB06 /* SceneDelegate.swift */ = {isa = PBXFileReference; lastKnownFileType = sourcecode.swift; path = SceneDelegate.swift; sourceTree = "<group>"; };
		FCDBD9312A970DC5003CFB06 /* TestNawaTech.xcdatamodel */ = {isa = PBXFileReference; lastKnownFileType = wrapper.xcdatamodel; path = TestNawaTech.xcdatamodel; sourceTree = "<group>"; };
		FCDBD9332A970DC6003CFB06 /* Assets.xcassets */ = {isa = PBXFileReference; lastKnownFileType = folder.assetcatalog; path = Assets.xcassets; sourceTree = "<group>"; };
		FCDBD9362A970DC6003CFB06 /* Base */ = {isa = PBXFileReference; lastKnownFileType = file.storyboard; name = Base; path = Base.lproj/LaunchScreen.storyboard; sourceTree = "<group>"; };
		FCDBD9382A970DC6003CFB06 /* Info.plist */ = {isa = PBXFileReference; lastKnownFileType = text.plist.xml; path = Info.plist; sourceTree = "<group>"; };
		FCDBD93D2A970DC7003CFB06 /* TestNawaTechTests.xctest */ = {isa = PBXFileReference; explicitFileType = wrapper.cfbundle; includeInIndex = 0; path = TestNawaTechTests.xctest; sourceTree = BUILT_PRODUCTS_DIR; };
		FCDBD9412A970DC7003CFB06 /* TestNawaTechTests.swift */ = {isa = PBXFileReference; lastKnownFileType = sourcecode.swift; path = TestNawaTechTests.swift; sourceTree = "<group>"; };
		FCDBD9472A970DC7003CFB06 /* TestNawaTechUITests.xctest */ = {isa = PBXFileReference; explicitFileType = wrapper.cfbundle; includeInIndex = 0; path = TestNawaTechUITests.xctest; sourceTree = BUILT_PRODUCTS_DIR; };
		FCDBD94B2A970DC7003CFB06 /* TestNawaTechUITests.swift */ = {isa = PBXFileReference; lastKnownFileType = sourcecode.swift; path = TestNawaTechUITests.swift; sourceTree = "<group>"; };
		FCDBD94D2A970DC7003CFB06 /* TestNawaTechUITestsLaunchTests.swift */ = {isa = PBXFileReference; lastKnownFileType = sourcecode.swift; path = TestNawaTechUITestsLaunchTests.swift; sourceTree = "<group>"; };
		FCDBD95A2A970DE0003CFB06 /* HomeViewController.swift */ = {isa = PBXFileReference; lastKnownFileType = sourcecode.swift; path = HomeViewController.swift; sourceTree = "<group>"; };
		FCDBD95C2A970E00003CFB06 /* HomeProtocol.swift */ = {isa = PBXFileReference; lastKnownFileType = sourcecode.swift; path = HomeProtocol.swift; sourceTree = "<group>"; };
		FCDBD95E2A970F66003CFB06 /* NetworkManager.swift */ = {isa = PBXFileReference; lastKnownFileType = sourcecode.swift; path = NetworkManager.swift; sourceTree = "<group>"; };
		FCDBD9602A970F8B003CFB06 /* URLManager.swift */ = {isa = PBXFileReference; lastKnownFileType = sourcecode.swift; path = URLManager.swift; sourceTree = "<group>"; };
		FCDBD9642A970FD1003CFB06 /* CustomError.swift */ = {isa = PBXFileReference; lastKnownFileType = sourcecode.swift; path = CustomError.swift; sourceTree = "<group>"; };
		FCDBD96E2A9718D1003CFB06 /* FirebaseCollection+Extension.swift */ = {isa = PBXFileReference; lastKnownFileType = sourcecode.swift; path = "FirebaseCollection+Extension.swift"; sourceTree = "<group>"; };
		FCDBD9702A971DFC003CFB06 /* GoogleService-Info.plist */ = {isa = PBXFileReference; fileEncoding = 4; lastKnownFileType = text.plist.xml; path = "GoogleService-Info.plist"; sourceTree = "<group>"; };
		FCDBD9722A971E26003CFB06 /* HomePresenter.swift */ = {isa = PBXFileReference; lastKnownFileType = sourcecode.swift; path = HomePresenter.swift; sourceTree = "<group>"; };
		FCDBD9742A971EE2003CFB06 /* HomeInteractor.swift */ = {isa = PBXFileReference; lastKnownFileType = sourcecode.swift; path = HomeInteractor.swift; sourceTree = "<group>"; };
		FCDBD9762A971F3A003CFB06 /* MotorCycle.swift */ = {isa = PBXFileReference; lastKnownFileType = sourcecode.swift; path = MotorCycle.swift; sourceTree = "<group>"; };
		FCDBD9782A97208E003CFB06 /* HomeRouter.swift */ = {isa = PBXFileReference; lastKnownFileType = sourcecode.swift; path = HomeRouter.swift; sourceTree = "<group>"; };
		FCEAC76C2A9726FC00A31AF1 /* MotorcycleCollectionViewCell.swift */ = {isa = PBXFileReference; lastKnownFileType = sourcecode.swift; path = MotorcycleCollectionViewCell.swift; sourceTree = "<group>"; };
		FCEAC7732A9737C400A31AF1 /* UIColor+Extension.swift */ = {isa = PBXFileReference; lastKnownFileType = sourcecode.swift; path = "UIColor+Extension.swift"; sourceTree = "<group>"; };
		FCEAC7752A973F8E00A31AF1 /* HomeUITests.swift */ = {isa = PBXFileReference; lastKnownFileType = sourcecode.swift; path = HomeUITests.swift; sourceTree = "<group>"; };
		FCEAC7772A973FBB00A31AF1 /* MockDataProvider.swift */ = {isa = PBXFileReference; lastKnownFileType = sourcecode.swift; path = MockDataProvider.swift; sourceTree = "<group>"; };
		FCEAC77A2A9740F700A31AF1 /* HomePresenterMock.swift */ = {isa = PBXFileReference; lastKnownFileType = sourcecode.swift; path = HomePresenterMock.swift; sourceTree = "<group>"; };
		FCEAC7882A97547B00A31AF1 /* MotorcycleDetailProtocol.swift */ = {isa = PBXFileReference; lastKnownFileType = sourcecode.swift; path = MotorcycleDetailProtocol.swift; sourceTree = "<group>"; };
		FCEAC78A2A9754C400A31AF1 /* MotorcycleDetailViewController.swift */ = {isa = PBXFileReference; lastKnownFileType = sourcecode.swift; path = MotorcycleDetailViewController.swift; sourceTree = "<group>"; };
		FCEAC78C2A9757FD00A31AF1 /* MotorcycleRouter.swift */ = {isa = PBXFileReference; lastKnownFileType = sourcecode.swift; path = MotorcycleRouter.swift; sourceTree = "<group>"; };
		FCEAC78E2A97582000A31AF1 /* MotorcycleDetailPresenter.swift */ = {isa = PBXFileReference; lastKnownFileType = sourcecode.swift; path = MotorcycleDetailPresenter.swift; sourceTree = "<group>"; };
		FCEAC7902A97583600A31AF1 /* MotorcycleInteractor.swift */ = {isa = PBXFileReference; lastKnownFileType = sourcecode.swift; path = MotorcycleInteractor.swift; sourceTree = "<group>"; };
/* End PBXFileReference section */

/* Begin PBXFrameworksBuildPhase section */
		FCDBD9212A970DC5003CFB06 /* Frameworks */ = {
			isa = PBXFrameworksBuildPhase;
			buildActionMask = 2147483647;
			files = (
				9A8E6D1822D842B1C7CE1505 /* Pods_TestNawaTech.framework in Frameworks */,
			);
			runOnlyForDeploymentPostprocessing = 0;
		};
		FCDBD93A2A970DC7003CFB06 /* Frameworks */ = {
			isa = PBXFrameworksBuildPhase;
			buildActionMask = 2147483647;
			files = (
				5673CEF932677A64BF05F227 /* Pods_TestNawaTechTests.framework in Frameworks */,
			);
			runOnlyForDeploymentPostprocessing = 0;
		};
		FCDBD9442A970DC7003CFB06 /* Frameworks */ = {
			isa = PBXFrameworksBuildPhase;
			buildActionMask = 2147483647;
			files = (
				04779FE54230B55DD4BF70B6 /* Pods_TestNawaTech_TestNawaTechUITests.framework in Frameworks */,
			);
			runOnlyForDeploymentPostprocessing = 0;
		};
/* End PBXFrameworksBuildPhase section */

/* Begin PBXGroup section */
		4B8D32A1F22D107F1E14870C /* Pods */ = {
			isa = PBXGroup;
			children = (
				3C5B37E6EB405E59BFDC1E4E /* Pods-TestNawaTech.debug.xcconfig */,
				10745DBC92CEEBB2BBE5294B /* Pods-TestNawaTech.release.xcconfig */,
				9EDE15163EB122BA5444E936 /* Pods-TestNawaTech-TestNawaTechUITests.debug.xcconfig */,
				1FD6E64659AC5D73B939FE54 /* Pods-TestNawaTech-TestNawaTechUITests.release.xcconfig */,
				92A26537EDD0531756CEE3C0 /* Pods-TestNawaTechTests.debug.xcconfig */,
				AAA55312D52372544CD359E3 /* Pods-TestNawaTechTests.release.xcconfig */,
			);
			path = Pods;
			sourceTree = "<group>";
		};
		CDA3503DC66FC209C2FFC3A4 /* Frameworks */ = {
			isa = PBXGroup;
			children = (
				8E83E182874043BCF961FD31 /* Pods_TestNawaTech.framework */,
				30B2DBF23FBC7E6FEBA8F15E /* Pods_TestNawaTech_TestNawaTechUITests.framework */,
				DDA540FBA79E8576CC1248E1 /* Pods_TestNawaTechTests.framework */,
			);
			name = Frameworks;
			sourceTree = "<group>";
		};
		FC073CB02A98465C00E8F9E9 /* Views */ = {
			isa = PBXGroup;
			children = (
				FC073CB12A98467200E8F9E9 /* CustomTextView.swift */,
				FC1638A62A99B58B00E7C238 /* CustomButton.swift */,
				FC9E980F2A9CC93A0056A17E /* BarChart.swift */,
				FC16991D2A9D887300AC6F6C /* CustomNavigationController.swift */,
				FC1638AB2A9B56B900E7C238 /* CustomAlertViewController.swift */,
			);
			path = Views;
			sourceTree = "<group>";
		};
		FC1638AD2A9C57DB00E7C238 /* Profile */ = {
			isa = PBXGroup;
			children = (
				FC1638AE2A9C57F000E7C238 /* ProfileProtocol.swift */,
				FC1638B02A9C583100E7C238 /* ProfilePresenter.swift */,
				FC1638B22A9C584C00E7C238 /* ProfileInteractor.swift */,
				FC1638B42A9C587400E7C238 /* ProfileRouter.swift */,
				FC1638B62A9C588900E7C238 /* ProfileViewController.swift */,
				FC1638BA2A9C5C5700E7C238 /* ProfileHeaderView.swift */,
				FC2194782A9C7EA0002B5F8F /* ProfileTableViewCell.swift */,
				FC9E980D2A9C92100056A17E /* Setting.swift */,
				FC1638B82A9C5B3800E7C238 /* Profile.swift */,
			);
			path = Profile;
			sourceTree = "<group>";
		};
		FC1699112A9D75BF00AC6F6C /* History */ = {
			isa = PBXGroup;
			children = (
				FC1699132A9D75F800AC6F6C /* HistoryProtocol.swift */,
				FC1699152A9D761B00AC6F6C /* HistoryPresenter.swift */,
				FC1699172A9D763400AC6F6C /* HistoryInteractor.swift */,
				FC1699192A9D765400AC6F6C /* HistoryRouter.swift */,
				FC16991B2A9D766900AC6F6C /* HistoryViewController.swift */,
				FCA6B82F2A9D96B000381014 /* StatisticTableViewHeader.swift */,
				FCA6B8362A9DC8BB00381014 /* HistoryTableViewCell.swift */,
			);
			path = History;
			sourceTree = "<group>";
		};
		FC18655A2A97627E00BEDD33 /* MotorcycleDetail */ = {
			isa = PBXGroup;
			children = (
				FCEAC78C2A9757FD00A31AF1 /* MotorcycleRouter.swift */,
				FCEAC78E2A97582000A31AF1 /* MotorcycleDetailPresenter.swift */,
				FCEAC7902A97583600A31AF1 /* MotorcycleInteractor.swift */,
				FCEAC7882A97547B00A31AF1 /* MotorcycleDetailProtocol.swift */,
				FCEAC78A2A9754C400A31AF1 /* MotorcycleDetailViewController.swift */,
			);
			path = MotorcycleDetail;
			sourceTree = "<group>";
		};
		FCCBF5BF2A98375500C89C0C /* Auth */ = {
			isa = PBXGroup;
			children = (
				FCCBF5C02A98377A00C89C0C /* AuthProtocol.swift */,
				FCCBF5C22A9837B100C89C0C /* AuthRouter.swift */,
				FCCBF5C42A9837C800C89C0C /* AuthPresenter.swift */,
				FCCBF5C62A9837E700C89C0C /* AuthInteractor.swift */,
				FCCBF5C82A9837FF00C89C0C /* AuthViewController.swift */,
			);
			path = Auth;
			sourceTree = "<group>";
		};
		FCDBD91B2A970DC5003CFB06 = {
			isa = PBXGroup;
			children = (
				FCDBD9262A970DC5003CFB06 /* TestNawaTech */,
				FCDBD9402A970DC7003CFB06 /* TestNawaTechTests */,
				FCDBD94A2A970DC7003CFB06 /* TestNawaTechUITests */,
				FCDBD9252A970DC5003CFB06 /* Products */,
				4B8D32A1F22D107F1E14870C /* Pods */,
				CDA3503DC66FC209C2FFC3A4 /* Frameworks */,
			);
			sourceTree = "<group>";
		};
		FCDBD9252A970DC5003CFB06 /* Products */ = {
			isa = PBXGroup;
			children = (
				FCDBD9242A970DC5003CFB06 /* TestNawaTech.app */,
				FCDBD93D2A970DC7003CFB06 /* TestNawaTechTests.xctest */,
				FCDBD9472A970DC7003CFB06 /* TestNawaTechUITests.xctest */,
			);
			name = Products;
			sourceTree = "<group>";
		};
		FCDBD9262A970DC5003CFB06 /* TestNawaTech */ = {
			isa = PBXGroup;
			children = (
				FC073CB02A98465C00E8F9E9 /* Views */,
				FCEAC7722A972C4200A31AF1 /* Model */,
				FCEAC7712A972C3400A31AF1 /* Extension */,
				FCEAC7702A972C1F00A31AF1 /* Networking */,
				FCEAC76E2A972C0200A31AF1 /* Modules */,
				FCDBD9272A970DC5003CFB06 /* AppDelegate.swift */,
				FCDBD9292A970DC5003CFB06 /* SceneDelegate.swift */,
				FCDBD9332A970DC6003CFB06 /* Assets.xcassets */,
				FCDBD9352A970DC6003CFB06 /* LaunchScreen.storyboard */,
				FCDBD9382A970DC6003CFB06 /* Info.plist */,
				FCDBD9702A971DFC003CFB06 /* GoogleService-Info.plist */,
				FCDBD9302A970DC5003CFB06 /* TestNawaTech.xcdatamodeld */,
			);
			path = TestNawaTech;
			sourceTree = "<group>";
		};
		FCDBD9402A970DC7003CFB06 /* TestNawaTechTests */ = {
			isa = PBXGroup;
			children = (
				FCDBD9412A970DC7003CFB06 /* TestNawaTechTests.swift */,
			);
			path = TestNawaTechTests;
			sourceTree = "<group>";
		};
		FCDBD94A2A970DC7003CFB06 /* TestNawaTechUITests */ = {
			isa = PBXGroup;
			children = (
				FCDBD94B2A970DC7003CFB06 /* TestNawaTechUITests.swift */,
				FCEAC7752A973F8E00A31AF1 /* HomeUITests.swift */,
				FCEAC77A2A9740F700A31AF1 /* HomePresenterMock.swift */,
				FCEAC7772A973FBB00A31AF1 /* MockDataProvider.swift */,
				FCDBD94D2A970DC7003CFB06 /* TestNawaTechUITestsLaunchTests.swift */,
			);
			path = TestNawaTechUITests;
			sourceTree = "<group>";
		};
		FCEAC76E2A972C0200A31AF1 /* Modules */ = {
			isa = PBXGroup;
			children = (
				FC1699112A9D75BF00AC6F6C /* History */,
				FC1638AD2A9C57DB00E7C238 /* Profile */,
				FCCBF5BF2A98375500C89C0C /* Auth */,
				FC18655A2A97627E00BEDD33 /* MotorcycleDetail */,
				FCEAC76F2A972C1100A31AF1 /* Home */,
			);
			path = Modules;
			sourceTree = "<group>";
		};
		FCEAC76F2A972C1100A31AF1 /* Home */ = {
			isa = PBXGroup;
			children = (
				FCDBD95A2A970DE0003CFB06 /* HomeViewController.swift */,
				FCDBD95C2A970E00003CFB06 /* HomeProtocol.swift */,
				FCDBD9722A971E26003CFB06 /* HomePresenter.swift */,
				FCDBD9742A971EE2003CFB06 /* HomeInteractor.swift */,
				FCDBD9782A97208E003CFB06 /* HomeRouter.swift */,
				FCDBD9762A971F3A003CFB06 /* MotorCycle.swift */,
				FCEAC76C2A9726FC00A31AF1 /* MotorcycleCollectionViewCell.swift */,
			);
			path = Home;
			sourceTree = "<group>";
		};
		FCEAC7702A972C1F00A31AF1 /* Networking */ = {
			isa = PBXGroup;
			children = (
				FCDBD95E2A970F66003CFB06 /* NetworkManager.swift */,
				FC08C1BD2A9CE46800A60B9C /* FirebaseStorageManager.swift */,
				FCA5A6FC2A9E472D00D8D346 /* NSNotificationName.swift */,
				FC16990F2A9D6ADA00AC6F6C /* UserDefaultHelper.swift */,
				FCDBD9602A970F8B003CFB06 /* URLManager.swift */,
			);
			path = Networking;
			sourceTree = "<group>";
		};
		FCEAC7712A972C3400A31AF1 /* Extension */ = {
			isa = PBXGroup;
			children = (
				FCDBD96E2A9718D1003CFB06 /* FirebaseCollection+Extension.swift */,
				FCEAC7732A9737C400A31AF1 /* UIColor+Extension.swift */,
				FCCBF5B62A9821D600C89C0C /* String+Extension.swift */,
				FCCBF5BA2A982DC400C89C0C /* Date+Extension.swift */,
				FCCBF5BC2A982F3400C89C0C /* UIViewController+Extension.swift */,
				FC08C1BF2A9CE5D000A60B9C /* UIView+Extension.swift */,
				FCA6B8312A9DBDC000381014 /* Int+Extension.swift */,
				FCA6B8342A9DC09800381014 /* CGFloat+Extension.swift */,
				FCA5A6FA2A9E40BD00D8D346 /* Double+Extension.swift */,
			);
			path = Extension;
			sourceTree = "<group>";
		};
		FCEAC7722A972C4200A31AF1 /* Model */ = {
			isa = PBXGroup;
			children = (
				FCDBD9642A970FD1003CFB06 /* CustomError.swift */,
				FCCBF5B82A982AC400C89C0C /* Purchase.swift */,
			);
			path = Model;
			sourceTree = "<group>";
		};
/* End PBXGroup section */

/* Begin PBXNativeTarget section */
		FCDBD9232A970DC5003CFB06 /* TestNawaTech */ = {
			isa = PBXNativeTarget;
			buildConfigurationList = FCDBD9512A970DC7003CFB06 /* Build configuration list for PBXNativeTarget "TestNawaTech" */;
			buildPhases = (
				99374430415B2C1624687FE7 /* [CP] Check Pods Manifest.lock */,
				FCDBD9202A970DC5003CFB06 /* Sources */,
				FCDBD9212A970DC5003CFB06 /* Frameworks */,
				FCDBD9222A970DC5003CFB06 /* Resources */,
				04916488957CC22E2FC8DC70 /* [CP] Embed Pods Frameworks */,
			);
			buildRules = (
			);
			dependencies = (
			);
			name = TestNawaTech;
			productName = TestNawaTech;
			productReference = FCDBD9242A970DC5003CFB06 /* TestNawaTech.app */;
			productType = "com.apple.product-type.application";
		};
		FCDBD93C2A970DC7003CFB06 /* TestNawaTechTests */ = {
			isa = PBXNativeTarget;
			buildConfigurationList = FCDBD9542A970DC7003CFB06 /* Build configuration list for PBXNativeTarget "TestNawaTechTests" */;
			buildPhases = (
				A9B3D80D1C53106C64CB6329 /* [CP] Check Pods Manifest.lock */,
				FCDBD9392A970DC7003CFB06 /* Sources */,
				FCDBD93A2A970DC7003CFB06 /* Frameworks */,
				FCDBD93B2A970DC7003CFB06 /* Resources */,
			);
			buildRules = (
			);
			dependencies = (
				FCDBD93F2A970DC7003CFB06 /* PBXTargetDependency */,
			);
			name = TestNawaTechTests;
			productName = TestNawaTechTests;
			productReference = FCDBD93D2A970DC7003CFB06 /* TestNawaTechTests.xctest */;
			productType = "com.apple.product-type.bundle.unit-test";
		};
		FCDBD9462A970DC7003CFB06 /* TestNawaTechUITests */ = {
			isa = PBXNativeTarget;
			buildConfigurationList = FCDBD9572A970DC7003CFB06 /* Build configuration list for PBXNativeTarget "TestNawaTechUITests" */;
			buildPhases = (
				CBA9A8E077CB4FB8D8FE480B /* [CP] Check Pods Manifest.lock */,
				FCDBD9432A970DC7003CFB06 /* Sources */,
				FCDBD9442A970DC7003CFB06 /* Frameworks */,
				FCDBD9452A970DC7003CFB06 /* Resources */,
				7BDA1F689A128274735DCFEA /* [CP] Embed Pods Frameworks */,
			);
			buildRules = (
			);
			dependencies = (
				FCDBD9492A970DC7003CFB06 /* PBXTargetDependency */,
			);
			name = TestNawaTechUITests;
			productName = TestNawaTechUITests;
			productReference = FCDBD9472A970DC7003CFB06 /* TestNawaTechUITests.xctest */;
			productType = "com.apple.product-type.bundle.ui-testing";
		};
/* End PBXNativeTarget section */

/* Begin PBXProject section */
		FCDBD91C2A970DC5003CFB06 /* Project object */ = {
			isa = PBXProject;
			attributes = {
				BuildIndependentTargetsInParallel = 1;
				LastSwiftUpdateCheck = 1500;
				LastUpgradeCheck = 1500;
				TargetAttributes = {
					FCDBD9232A970DC5003CFB06 = {
						CreatedOnToolsVersion = 15.0;
					};
					FCDBD93C2A970DC7003CFB06 = {
						CreatedOnToolsVersion = 15.0;
						TestTargetID = FCDBD9232A970DC5003CFB06;
					};
					FCDBD9462A970DC7003CFB06 = {
						CreatedOnToolsVersion = 15.0;
						TestTargetID = FCDBD9232A970DC5003CFB06;
					};
				};
			};
			buildConfigurationList = FCDBD91F2A970DC5003CFB06 /* Build configuration list for PBXProject "TestNawaTech" */;
			compatibilityVersion = "Xcode 14.0";
			developmentRegion = en;
			hasScannedForEncodings = 0;
			knownRegions = (
				en,
				Base,
			);
			mainGroup = FCDBD91B2A970DC5003CFB06;
			productRefGroup = FCDBD9252A970DC5003CFB06 /* Products */;
			projectDirPath = "";
			projectRoot = "";
			targets = (
				FCDBD9232A970DC5003CFB06 /* TestNawaTech */,
				FCDBD93C2A970DC7003CFB06 /* TestNawaTechTests */,
				FCDBD9462A970DC7003CFB06 /* TestNawaTechUITests */,
			);
		};
/* End PBXProject section */

/* Begin PBXResourcesBuildPhase section */
		FCDBD9222A970DC5003CFB06 /* Resources */ = {
			isa = PBXResourcesBuildPhase;
			buildActionMask = 2147483647;
			files = (
				FCDBD9372A970DC6003CFB06 /* LaunchScreen.storyboard in Resources */,
				FCDBD9712A971DFC003CFB06 /* GoogleService-Info.plist in Resources */,
				FCDBD9342A970DC6003CFB06 /* Assets.xcassets in Resources */,
			);
			runOnlyForDeploymentPostprocessing = 0;
		};
		FCDBD93B2A970DC7003CFB06 /* Resources */ = {
			isa = PBXResourcesBuildPhase;
			buildActionMask = 2147483647;
			files = (
			);
			runOnlyForDeploymentPostprocessing = 0;
		};
		FCDBD9452A970DC7003CFB06 /* Resources */ = {
			isa = PBXResourcesBuildPhase;
			buildActionMask = 2147483647;
			files = (
			);
			runOnlyForDeploymentPostprocessing = 0;
		};
/* End PBXResourcesBuildPhase section */

/* Begin PBXShellScriptBuildPhase section */
		04916488957CC22E2FC8DC70 /* [CP] Embed Pods Frameworks */ = {
			isa = PBXShellScriptBuildPhase;
			buildActionMask = 2147483647;
			files = (
			);
			inputFileListPaths = (
				"${PODS_ROOT}/Target Support Files/Pods-TestNawaTech/Pods-TestNawaTech-frameworks-${CONFIGURATION}-input-files.xcfilelist",
			);
			name = "[CP] Embed Pods Frameworks";
			outputFileListPaths = (
				"${PODS_ROOT}/Target Support Files/Pods-TestNawaTech/Pods-TestNawaTech-frameworks-${CONFIGURATION}-output-files.xcfilelist",
			);
			runOnlyForDeploymentPostprocessing = 0;
			shellPath = /bin/sh;
			shellScript = "\"${PODS_ROOT}/Target Support Files/Pods-TestNawaTech/Pods-TestNawaTech-frameworks.sh\"\n";
			showEnvVarsInLog = 0;
		};
		7BDA1F689A128274735DCFEA /* [CP] Embed Pods Frameworks */ = {
			isa = PBXShellScriptBuildPhase;
			buildActionMask = 2147483647;
			files = (
			);
			inputFileListPaths = (
				"${PODS_ROOT}/Target Support Files/Pods-TestNawaTech-TestNawaTechUITests/Pods-TestNawaTech-TestNawaTechUITests-frameworks-${CONFIGURATION}-input-files.xcfilelist",
			);
			name = "[CP] Embed Pods Frameworks";
			outputFileListPaths = (
				"${PODS_ROOT}/Target Support Files/Pods-TestNawaTech-TestNawaTechUITests/Pods-TestNawaTech-TestNawaTechUITests-frameworks-${CONFIGURATION}-output-files.xcfilelist",
			);
			runOnlyForDeploymentPostprocessing = 0;
			shellPath = /bin/sh;
			shellScript = "\"${PODS_ROOT}/Target Support Files/Pods-TestNawaTech-TestNawaTechUITests/Pods-TestNawaTech-TestNawaTechUITests-frameworks.sh\"\n";
			showEnvVarsInLog = 0;
		};
		99374430415B2C1624687FE7 /* [CP] Check Pods Manifest.lock */ = {
			isa = PBXShellScriptBuildPhase;
			buildActionMask = 2147483647;
			files = (
			);
			inputFileListPaths = (
			);
			inputPaths = (
				"${PODS_PODFILE_DIR_PATH}/Podfile.lock",
				"${PODS_ROOT}/Manifest.lock",
			);
			name = "[CP] Check Pods Manifest.lock";
			outputFileListPaths = (
			);
			outputPaths = (
				"$(DERIVED_FILE_DIR)/Pods-TestNawaTech-checkManifestLockResult.txt",
			);
			runOnlyForDeploymentPostprocessing = 0;
			shellPath = /bin/sh;
			shellScript = "diff \"${PODS_PODFILE_DIR_PATH}/Podfile.lock\" \"${PODS_ROOT}/Manifest.lock\" > /dev/null\nif [ $? != 0 ] ; then\n    # print error to STDERR\n    echo \"error: The sandbox is not in sync with the Podfile.lock. Run 'pod install' or update your CocoaPods installation.\" >&2\n    exit 1\nfi\n# This output is used by Xcode 'outputs' to avoid re-running this script phase.\necho \"SUCCESS\" > \"${SCRIPT_OUTPUT_FILE_0}\"\n";
			showEnvVarsInLog = 0;
		};
		A9B3D80D1C53106C64CB6329 /* [CP] Check Pods Manifest.lock */ = {
			isa = PBXShellScriptBuildPhase;
			buildActionMask = 2147483647;
			files = (
			);
			inputFileListPaths = (
			);
			inputPaths = (
				"${PODS_PODFILE_DIR_PATH}/Podfile.lock",
				"${PODS_ROOT}/Manifest.lock",
			);
			name = "[CP] Check Pods Manifest.lock";
			outputFileListPaths = (
			);
			outputPaths = (
				"$(DERIVED_FILE_DIR)/Pods-TestNawaTechTests-checkManifestLockResult.txt",
			);
			runOnlyForDeploymentPostprocessing = 0;
			shellPath = /bin/sh;
			shellScript = "diff \"${PODS_PODFILE_DIR_PATH}/Podfile.lock\" \"${PODS_ROOT}/Manifest.lock\" > /dev/null\nif [ $? != 0 ] ; then\n    # print error to STDERR\n    echo \"error: The sandbox is not in sync with the Podfile.lock. Run 'pod install' or update your CocoaPods installation.\" >&2\n    exit 1\nfi\n# This output is used by Xcode 'outputs' to avoid re-running this script phase.\necho \"SUCCESS\" > \"${SCRIPT_OUTPUT_FILE_0}\"\n";
			showEnvVarsInLog = 0;
		};
		CBA9A8E077CB4FB8D8FE480B /* [CP] Check Pods Manifest.lock */ = {
			isa = PBXShellScriptBuildPhase;
			buildActionMask = 2147483647;
			files = (
			);
			inputFileListPaths = (
			);
			inputPaths = (
				"${PODS_PODFILE_DIR_PATH}/Podfile.lock",
				"${PODS_ROOT}/Manifest.lock",
			);
			name = "[CP] Check Pods Manifest.lock";
			outputFileListPaths = (
			);
			outputPaths = (
				"$(DERIVED_FILE_DIR)/Pods-TestNawaTech-TestNawaTechUITests-checkManifestLockResult.txt",
			);
			runOnlyForDeploymentPostprocessing = 0;
			shellPath = /bin/sh;
			shellScript = "diff \"${PODS_PODFILE_DIR_PATH}/Podfile.lock\" \"${PODS_ROOT}/Manifest.lock\" > /dev/null\nif [ $? != 0 ] ; then\n    # print error to STDERR\n    echo \"error: The sandbox is not in sync with the Podfile.lock. Run 'pod install' or update your CocoaPods installation.\" >&2\n    exit 1\nfi\n# This output is used by Xcode 'outputs' to avoid re-running this script phase.\necho \"SUCCESS\" > \"${SCRIPT_OUTPUT_FILE_0}\"\n";
			showEnvVarsInLog = 0;
		};
/* End PBXShellScriptBuildPhase section */

/* Begin PBXSourcesBuildPhase section */
		FCDBD9202A970DC5003CFB06 /* Sources */ = {
			isa = PBXSourcesBuildPhase;
			buildActionMask = 2147483647;
			files = (
				FC1638B52A9C587400E7C238 /* ProfileRouter.swift in Sources */,
				FC1638B92A9C5B3800E7C238 /* Profile.swift in Sources */,
				FCCBF5BB2A982DC400C89C0C /* Date+Extension.swift in Sources */,
				FCDBD95B2A970DE0003CFB06 /* HomeViewController.swift in Sources */,
				FC1699142A9D75F800AC6F6C /* HistoryProtocol.swift in Sources */,
				FCA6B8322A9DBDC000381014 /* Int+Extension.swift in Sources */,
				FCEAC77F2A9741E700A31AF1 /* MockDataProvider.swift in Sources */,
				FC16991E2A9D887300AC6F6C /* CustomNavigationController.swift in Sources */,
				FCEAC7892A97547B00A31AF1 /* MotorcycleDetailProtocol.swift in Sources */,
				FCEAC78B2A9754C400A31AF1 /* MotorcycleDetailViewController.swift in Sources */,
				FCCBF5C32A9837B100C89C0C /* AuthRouter.swift in Sources */,
				FC9E98102A9CC93A0056A17E /* BarChart.swift in Sources */,
				FC16991A2A9D765400AC6F6C /* HistoryRouter.swift in Sources */,
				FCEAC76D2A9726FC00A31AF1 /* MotorcycleCollectionViewCell.swift in Sources */,
				FC08C1C02A9CE5D000A60B9C /* UIView+Extension.swift in Sources */,
				FCA6B8372A9DC8BB00381014 /* HistoryTableViewCell.swift in Sources */,
				FCEAC7912A97583600A31AF1 /* MotorcycleInteractor.swift in Sources */,
				FC1638BB2A9C5C5700E7C238 /* ProfileHeaderView.swift in Sources */,
				FC9E980E2A9C92100056A17E /* Setting.swift in Sources */,
				FCDBD9612A970F8B003CFB06 /* URLManager.swift in Sources */,
				FCDBD9752A971EE2003CFB06 /* HomeInteractor.swift in Sources */,
				FCA5A6FD2A9E472D00D8D346 /* NSNotificationName.swift in Sources */,
				FC1699182A9D763400AC6F6C /* HistoryInteractor.swift in Sources */,
				FC073CB22A98467200E8F9E9 /* CustomTextView.swift in Sources */,
				FC1638B32A9C584C00E7C238 /* ProfileInteractor.swift in Sources */,
				FCA5A6FB2A9E40BD00D8D346 /* Double+Extension.swift in Sources */,
				FC2194792A9C7EA0002B5F8F /* ProfileTableViewCell.swift in Sources */,
				FCA6B8302A9D96B000381014 /* StatisticTableViewHeader.swift in Sources */,
				FCDBD9792A97208E003CFB06 /* HomeRouter.swift in Sources */,
				FCA6B8352A9DC09800381014 /* CGFloat+Extension.swift in Sources */,
				FCDBD9322A970DC5003CFB06 /* TestNawaTech.xcdatamodeld in Sources */,
				FCDBD96F2A9718D1003CFB06 /* FirebaseCollection+Extension.swift in Sources */,
				FC1638B12A9C583100E7C238 /* ProfilePresenter.swift in Sources */,
				FC08C1BE2A9CE46800A60B9C /* FirebaseStorageManager.swift in Sources */,
				FCEAC78F2A97582000A31AF1 /* MotorcycleDetailPresenter.swift in Sources */,
				FCCBF5B72A9821D600C89C0C /* String+Extension.swift in Sources */,
				FCCBF5BD2A982F3400C89C0C /* UIViewController+Extension.swift in Sources */,
				FCDBD9732A971E26003CFB06 /* HomePresenter.swift in Sources */,
				FCDBD95F2A970F66003CFB06 /* NetworkManager.swift in Sources */,
				FC1638AF2A9C57F000E7C238 /* ProfileProtocol.swift in Sources */,
				FCEAC7742A9737C400A31AF1 /* UIColor+Extension.swift in Sources */,
				FCDBD9652A970FD1003CFB06 /* CustomError.swift in Sources */,
				FC1699162A9D761B00AC6F6C /* HistoryPresenter.swift in Sources */,
				FCDBD9282A970DC5003CFB06 /* AppDelegate.swift in Sources */,
				FCCBF5C92A9837FF00C89C0C /* AuthViewController.swift in Sources */,
				FCCBF5C72A9837E700C89C0C /* AuthInteractor.swift in Sources */,
				FCDBD9772A971F3A003CFB06 /* MotorCycle.swift in Sources */,
				FC1638AC2A9B56B900E7C238 /* CustomAlertViewController.swift in Sources */,
				FCEAC77D2A97414D00A31AF1 /* HomePresenterMock.swift in Sources */,
				FCCBF5C52A9837C800C89C0C /* AuthPresenter.swift in Sources */,
				FC16991C2A9D766900AC6F6C /* HistoryViewController.swift in Sources */,
				FC1699102A9D6ADA00AC6F6C /* UserDefaultHelper.swift in Sources */,
				FCCBF5B92A982AC400C89C0C /* Purchase.swift in Sources */,
				FCDBD95D2A970E00003CFB06 /* HomeProtocol.swift in Sources */,
				FC1638A72A99B58B00E7C238 /* CustomButton.swift in Sources */,
				FCCBF5C12A98377A00C89C0C /* AuthProtocol.swift in Sources */,
				FC1638B72A9C588900E7C238 /* ProfileViewController.swift in Sources */,
				FCDBD92A2A970DC5003CFB06 /* SceneDelegate.swift in Sources */,
				FCEAC78D2A9757FD00A31AF1 /* MotorcycleRouter.swift in Sources */,
			);
			runOnlyForDeploymentPostprocessing = 0;
		};
		FCDBD9392A970DC7003CFB06 /* Sources */ = {
			isa = PBXSourcesBuildPhase;
			buildActionMask = 2147483647;
			files = (
				FCDBD9422A970DC7003CFB06 /* TestNawaTechTests.swift in Sources */,
			);
			runOnlyForDeploymentPostprocessing = 0;
		};
		FCDBD9432A970DC7003CFB06 /* Sources */ = {
			isa = PBXSourcesBuildPhase;
			buildActionMask = 2147483647;
			files = (
				FCEAC77C2A97410500A31AF1 /* HomeProtocol.swift in Sources */,
				FCEAC7782A973FBB00A31AF1 /* MockDataProvider.swift in Sources */,
				FCEAC7792A973FE100A31AF1 /* MotorCycle.swift in Sources */,
				FCEAC7852A9746DB00A31AF1 /* URLManager.swift in Sources */,
				FCEAC7822A9746CD00A31AF1 /* HomePresenter.swift in Sources */,
				FCEAC7762A973F8E00A31AF1 /* HomeUITests.swift in Sources */,
				FCEAC77B2A9740F700A31AF1 /* HomePresenterMock.swift in Sources */,
				FCEAC7802A9746C800A31AF1 /* HomeRouter.swift in Sources */,
				FCEAC7832A9746CE00A31AF1 /* HomeViewController.swift in Sources */,
				FCEAC7872A97471100A31AF1 /* UIColor+Extension.swift in Sources */,
				FCEAC7812A9746CA00A31AF1 /* HomeInteractor.swift in Sources */,
				FCEAC7862A9746DD00A31AF1 /* NetworkManager.swift in Sources */,
				FCEAC7842A9746D000A31AF1 /* MotorcycleCollectionViewCell.swift in Sources */,
				FCDBD94C2A970DC7003CFB06 /* TestNawaTechUITests.swift in Sources */,
				FCDBD94E2A970DC7003CFB06 /* TestNawaTechUITestsLaunchTests.swift in Sources */,
			);
			runOnlyForDeploymentPostprocessing = 0;
		};
/* End PBXSourcesBuildPhase section */

/* Begin PBXTargetDependency section */
		FCDBD93F2A970DC7003CFB06 /* PBXTargetDependency */ = {
			isa = PBXTargetDependency;
			target = FCDBD9232A970DC5003CFB06 /* TestNawaTech */;
			targetProxy = FCDBD93E2A970DC7003CFB06 /* PBXContainerItemProxy */;
		};
		FCDBD9492A970DC7003CFB06 /* PBXTargetDependency */ = {
			isa = PBXTargetDependency;
			target = FCDBD9232A970DC5003CFB06 /* TestNawaTech */;
			targetProxy = FCDBD9482A970DC7003CFB06 /* PBXContainerItemProxy */;
		};
/* End PBXTargetDependency section */

/* Begin PBXVariantGroup section */
		FCDBD9352A970DC6003CFB06 /* LaunchScreen.storyboard */ = {
			isa = PBXVariantGroup;
			children = (
				FCDBD9362A970DC6003CFB06 /* Base */,
			);
			name = LaunchScreen.storyboard;
			sourceTree = "<group>";
		};
/* End PBXVariantGroup section */

/* Begin XCBuildConfiguration section */
		FCDBD94F2A970DC7003CFB06 /* Debug */ = {
			isa = XCBuildConfiguration;
			buildSettings = {
				ALWAYS_SEARCH_USER_PATHS = NO;
				ASSETCATALOG_COMPILER_GENERATE_SWIFT_ASSET_SYMBOL_EXTENSIONS = YES;
				CLANG_ANALYZER_NONNULL = YES;
				CLANG_ANALYZER_NUMBER_OBJECT_CONVERSION = YES_AGGRESSIVE;
				CLANG_CXX_LANGUAGE_STANDARD = "gnu++20";
				CLANG_ENABLE_MODULES = YES;
				CLANG_ENABLE_OBJC_ARC = YES;
				CLANG_ENABLE_OBJC_WEAK = YES;
				CLANG_WARN_BLOCK_CAPTURE_AUTORELEASING = YES;
				CLANG_WARN_BOOL_CONVERSION = YES;
				CLANG_WARN_COMMA = YES;
				CLANG_WARN_CONSTANT_CONVERSION = YES;
				CLANG_WARN_DEPRECATED_OBJC_IMPLEMENTATIONS = YES;
				CLANG_WARN_DIRECT_OBJC_ISA_USAGE = YES_ERROR;
				CLANG_WARN_DOCUMENTATION_COMMENTS = YES;
				CLANG_WARN_EMPTY_BODY = YES;
				CLANG_WARN_ENUM_CONVERSION = YES;
				CLANG_WARN_INFINITE_RECURSION = YES;
				CLANG_WARN_INT_CONVERSION = YES;
				CLANG_WARN_NON_LITERAL_NULL_CONVERSION = YES;
				CLANG_WARN_OBJC_IMPLICIT_RETAIN_SELF = YES;
				CLANG_WARN_OBJC_LITERAL_CONVERSION = YES;
				CLANG_WARN_OBJC_ROOT_CLASS = YES_ERROR;
				CLANG_WARN_QUOTED_INCLUDE_IN_FRAMEWORK_HEADER = YES;
				CLANG_WARN_RANGE_LOOP_ANALYSIS = YES;
				CLANG_WARN_STRICT_PROTOTYPES = YES;
				CLANG_WARN_SUSPICIOUS_MOVE = YES;
				CLANG_WARN_UNGUARDED_AVAILABILITY = YES_AGGRESSIVE;
				CLANG_WARN_UNREACHABLE_CODE = YES;
				CLANG_WARN__DUPLICATE_METHOD_MATCH = YES;
				COPY_PHASE_STRIP = NO;
				DEBUG_INFORMATION_FORMAT = dwarf;
				ENABLE_STRICT_OBJC_MSGSEND = YES;
				ENABLE_TESTABILITY = YES;
				ENABLE_USER_SCRIPT_SANDBOXING = NO;
				GCC_C_LANGUAGE_STANDARD = gnu17;
				GCC_DYNAMIC_NO_PIC = NO;
				GCC_NO_COMMON_BLOCKS = YES;
				GCC_OPTIMIZATION_LEVEL = 0;
				GCC_PREPROCESSOR_DEFINITIONS = (
					"DEBUG=1",
					"$(inherited)",
				);
				GCC_WARN_64_TO_32_BIT_CONVERSION = YES;
				GCC_WARN_ABOUT_RETURN_TYPE = YES_ERROR;
				GCC_WARN_UNDECLARED_SELECTOR = YES;
				GCC_WARN_UNINITIALIZED_AUTOS = YES_AGGRESSIVE;
				GCC_WARN_UNUSED_FUNCTION = YES;
				GCC_WARN_UNUSED_VARIABLE = YES;
				IPHONEOS_DEPLOYMENT_TARGET = 17.0;
				LOCALIZATION_PREFERS_STRING_CATALOGS = YES;
				MTL_ENABLE_DEBUG_INFO = INCLUDE_SOURCE;
				MTL_FAST_MATH = YES;
				ONLY_ACTIVE_ARCH = YES;
				SDKROOT = iphoneos;
				SWIFT_ACTIVE_COMPILATION_CONDITIONS = "DEBUG $(inherited)";
				SWIFT_OPTIMIZATION_LEVEL = "-Onone";
			};
			name = Debug;
		};
		FCDBD9502A970DC7003CFB06 /* Release */ = {
			isa = XCBuildConfiguration;
			buildSettings = {
				ALWAYS_SEARCH_USER_PATHS = NO;
				ASSETCATALOG_COMPILER_GENERATE_SWIFT_ASSET_SYMBOL_EXTENSIONS = YES;
				CLANG_ANALYZER_NONNULL = YES;
				CLANG_ANALYZER_NUMBER_OBJECT_CONVERSION = YES_AGGRESSIVE;
				CLANG_CXX_LANGUAGE_STANDARD = "gnu++20";
				CLANG_ENABLE_MODULES = YES;
				CLANG_ENABLE_OBJC_ARC = YES;
				CLANG_ENABLE_OBJC_WEAK = YES;
				CLANG_WARN_BLOCK_CAPTURE_AUTORELEASING = YES;
				CLANG_WARN_BOOL_CONVERSION = YES;
				CLANG_WARN_COMMA = YES;
				CLANG_WARN_CONSTANT_CONVERSION = YES;
				CLANG_WARN_DEPRECATED_OBJC_IMPLEMENTATIONS = YES;
				CLANG_WARN_DIRECT_OBJC_ISA_USAGE = YES_ERROR;
				CLANG_WARN_DOCUMENTATION_COMMENTS = YES;
				CLANG_WARN_EMPTY_BODY = YES;
				CLANG_WARN_ENUM_CONVERSION = YES;
				CLANG_WARN_INFINITE_RECURSION = YES;
				CLANG_WARN_INT_CONVERSION = YES;
				CLANG_WARN_NON_LITERAL_NULL_CONVERSION = YES;
				CLANG_WARN_OBJC_IMPLICIT_RETAIN_SELF = YES;
				CLANG_WARN_OBJC_LITERAL_CONVERSION = YES;
				CLANG_WARN_OBJC_ROOT_CLASS = YES_ERROR;
				CLANG_WARN_QUOTED_INCLUDE_IN_FRAMEWORK_HEADER = YES;
				CLANG_WARN_RANGE_LOOP_ANALYSIS = YES;
				CLANG_WARN_STRICT_PROTOTYPES = YES;
				CLANG_WARN_SUSPICIOUS_MOVE = YES;
				CLANG_WARN_UNGUARDED_AVAILABILITY = YES_AGGRESSIVE;
				CLANG_WARN_UNREACHABLE_CODE = YES;
				CLANG_WARN__DUPLICATE_METHOD_MATCH = YES;
				COPY_PHASE_STRIP = NO;
				DEBUG_INFORMATION_FORMAT = "dwarf-with-dsym";
				ENABLE_NS_ASSERTIONS = NO;
				ENABLE_STRICT_OBJC_MSGSEND = YES;
				ENABLE_USER_SCRIPT_SANDBOXING = NO;
				GCC_C_LANGUAGE_STANDARD = gnu17;
				GCC_NO_COMMON_BLOCKS = YES;
				GCC_WARN_64_TO_32_BIT_CONVERSION = YES;
				GCC_WARN_ABOUT_RETURN_TYPE = YES_ERROR;
				GCC_WARN_UNDECLARED_SELECTOR = YES;
				GCC_WARN_UNINITIALIZED_AUTOS = YES_AGGRESSIVE;
				GCC_WARN_UNUSED_FUNCTION = YES;
				GCC_WARN_UNUSED_VARIABLE = YES;
				IPHONEOS_DEPLOYMENT_TARGET = 17.0;
				LOCALIZATION_PREFERS_STRING_CATALOGS = YES;
				MTL_ENABLE_DEBUG_INFO = NO;
				MTL_FAST_MATH = YES;
				SDKROOT = iphoneos;
				SWIFT_COMPILATION_MODE = wholemodule;
				VALIDATE_PRODUCT = YES;
			};
			name = Release;
		};
		FCDBD9522A970DC7003CFB06 /* Debug */ = {
			isa = XCBuildConfiguration;
			baseConfigurationReference = 3C5B37E6EB405E59BFDC1E4E /* Pods-TestNawaTech.debug.xcconfig */;
			buildSettings = {
				ASSETCATALOG_COMPILER_APPICON_NAME = AppIcon;
				ASSETCATALOG_COMPILER_GLOBAL_ACCENT_COLOR_NAME = AccentColor;
				CODE_SIGN_STYLE = Automatic;
				CURRENT_PROJECT_VERSION = 1;
				DEVELOPMENT_TEAM = J286DXAZ52;
				GENERATE_INFOPLIST_FILE = YES;
				INFOPLIST_FILE = TestNawaTech/Info.plist;
				INFOPLIST_KEY_UIApplicationSupportsIndirectInputEvents = YES;
				INFOPLIST_KEY_UILaunchStoryboardName = LaunchScreen;
				INFOPLIST_KEY_UISupportedInterfaceOrientations_iPad = "UIInterfaceOrientationPortrait UIInterfaceOrientationPortraitUpsideDown UIInterfaceOrientationLandscapeLeft UIInterfaceOrientationLandscapeRight";
				INFOPLIST_KEY_UISupportedInterfaceOrientations_iPhone = "UIInterfaceOrientationPortrait UIInterfaceOrientationLandscapeLeft UIInterfaceOrientationLandscapeRight";
				LD_RUNPATH_SEARCH_PATHS = (
					"$(inherited)",
					"@executable_path/Frameworks",
				);
				MARKETING_VERSION = 1.0;
				PRODUCT_BUNDLE_IDENTIFIER = test.TestNawaTech;
				PRODUCT_NAME = "$(TARGET_NAME)";
				SWIFT_EMIT_LOC_STRINGS = YES;
				SWIFT_VERSION = 5.0;
				TARGETED_DEVICE_FAMILY = "1,2";
			};
			name = Debug;
		};
		FCDBD9532A970DC7003CFB06 /* Release */ = {
			isa = XCBuildConfiguration;
			baseConfigurationReference = 10745DBC92CEEBB2BBE5294B /* Pods-TestNawaTech.release.xcconfig */;
			buildSettings = {
				ASSETCATALOG_COMPILER_APPICON_NAME = AppIcon;
				ASSETCATALOG_COMPILER_GLOBAL_ACCENT_COLOR_NAME = AccentColor;
				CODE_SIGN_STYLE = Automatic;
				CURRENT_PROJECT_VERSION = 1;
				DEVELOPMENT_TEAM = J286DXAZ52;
				GENERATE_INFOPLIST_FILE = YES;
				INFOPLIST_FILE = TestNawaTech/Info.plist;
				INFOPLIST_KEY_UIApplicationSupportsIndirectInputEvents = YES;
				INFOPLIST_KEY_UILaunchStoryboardName = LaunchScreen;
				INFOPLIST_KEY_UISupportedInterfaceOrientations_iPad = "UIInterfaceOrientationPortrait UIInterfaceOrientationPortraitUpsideDown UIInterfaceOrientationLandscapeLeft UIInterfaceOrientationLandscapeRight";
				INFOPLIST_KEY_UISupportedInterfaceOrientations_iPhone = "UIInterfaceOrientationPortrait UIInterfaceOrientationLandscapeLeft UIInterfaceOrientationLandscapeRight";
				LD_RUNPATH_SEARCH_PATHS = (
					"$(inherited)",
					"@executable_path/Frameworks",
				);
				MARKETING_VERSION = 1.0;
				PRODUCT_BUNDLE_IDENTIFIER = test.TestNawaTech;
				PRODUCT_NAME = "$(TARGET_NAME)";
				SWIFT_EMIT_LOC_STRINGS = YES;
				SWIFT_VERSION = 5.0;
				TARGETED_DEVICE_FAMILY = "1,2";
			};
			name = Release;
		};
		FCDBD9552A970DC7003CFB06 /* Debug */ = {
			isa = XCBuildConfiguration;
			baseConfigurationReference = 92A26537EDD0531756CEE3C0 /* Pods-TestNawaTechTests.debug.xcconfig */;
			buildSettings = {
				ALWAYS_EMBED_SWIFT_STANDARD_LIBRARIES = YES;
				BUNDLE_LOADER = "$(TEST_HOST)";
				CODE_SIGN_STYLE = Automatic;
				CURRENT_PROJECT_VERSION = 1;
				DEVELOPMENT_TEAM = J286DXAZ52;
				GENERATE_INFOPLIST_FILE = YES;
				IPHONEOS_DEPLOYMENT_TARGET = 17.0;
				MARKETING_VERSION = 1.0;
				PRODUCT_BUNDLE_IDENTIFIER = test.TestNawaTechTests;
				PRODUCT_NAME = "$(TARGET_NAME)";
				SWIFT_EMIT_LOC_STRINGS = NO;
				SWIFT_VERSION = 5.0;
				TARGETED_DEVICE_FAMILY = "1,2";
				TEST_HOST = "$(BUILT_PRODUCTS_DIR)/TestNawaTech.app/$(BUNDLE_EXECUTABLE_FOLDER_PATH)/TestNawaTech";
			};
			name = Debug;
		};
		FCDBD9562A970DC7003CFB06 /* Release */ = {
			isa = XCBuildConfiguration;
			baseConfigurationReference = AAA55312D52372544CD359E3 /* Pods-TestNawaTechTests.release.xcconfig */;
			buildSettings = {
				ALWAYS_EMBED_SWIFT_STANDARD_LIBRARIES = YES;
				BUNDLE_LOADER = "$(TEST_HOST)";
				CODE_SIGN_STYLE = Automatic;
				CURRENT_PROJECT_VERSION = 1;
				DEVELOPMENT_TEAM = J286DXAZ52;
				GENERATE_INFOPLIST_FILE = YES;
				IPHONEOS_DEPLOYMENT_TARGET = 17.0;
				MARKETING_VERSION = 1.0;
				PRODUCT_BUNDLE_IDENTIFIER = test.TestNawaTechTests;
				PRODUCT_NAME = "$(TARGET_NAME)";
				SWIFT_EMIT_LOC_STRINGS = NO;
				SWIFT_VERSION = 5.0;
				TARGETED_DEVICE_FAMILY = "1,2";
				TEST_HOST = "$(BUILT_PRODUCTS_DIR)/TestNawaTech.app/$(BUNDLE_EXECUTABLE_FOLDER_PATH)/TestNawaTech";
			};
			name = Release;
		};
		FCDBD9582A970DC7003CFB06 /* Debug */ = {
			isa = XCBuildConfiguration;
			baseConfigurationReference = 9EDE15163EB122BA5444E936 /* Pods-TestNawaTech-TestNawaTechUITests.debug.xcconfig */;
			buildSettings = {
				ALWAYS_EMBED_SWIFT_STANDARD_LIBRARIES = YES;
				CODE_SIGN_STYLE = Automatic;
				CURRENT_PROJECT_VERSION = 1;
				DEVELOPMENT_TEAM = J286DXAZ52;
				GENERATE_INFOPLIST_FILE = YES;
				MARKETING_VERSION = 1.0;
				PRODUCT_BUNDLE_IDENTIFIER = test.TestNawaTechUITests;
				PRODUCT_NAME = "$(TARGET_NAME)";
				SWIFT_EMIT_LOC_STRINGS = NO;
				SWIFT_VERSION = 5.0;
				TARGETED_DEVICE_FAMILY = "1,2";
				TEST_TARGET_NAME = TestNawaTech;
			};
			name = Debug;
		};
		FCDBD9592A970DC7003CFB06 /* Release */ = {
			isa = XCBuildConfiguration;
			baseConfigurationReference = 1FD6E64659AC5D73B939FE54 /* Pods-TestNawaTech-TestNawaTechUITests.release.xcconfig */;
			buildSettings = {
				ALWAYS_EMBED_SWIFT_STANDARD_LIBRARIES = YES;
				CODE_SIGN_STYLE = Automatic;
				CURRENT_PROJECT_VERSION = 1;
				DEVELOPMENT_TEAM = J286DXAZ52;
				GENERATE_INFOPLIST_FILE = YES;
				MARKETING_VERSION = 1.0;
				PRODUCT_BUNDLE_IDENTIFIER = test.TestNawaTechUITests;
				PRODUCT_NAME = "$(TARGET_NAME)";
				SWIFT_EMIT_LOC_STRINGS = NO;
				SWIFT_VERSION = 5.0;
				TARGETED_DEVICE_FAMILY = "1,2";
				TEST_TARGET_NAME = TestNawaTech;
			};
			name = Release;
		};
/* End XCBuildConfiguration section */

/* Begin XCConfigurationList section */
		FCDBD91F2A970DC5003CFB06 /* Build configuration list for PBXProject "TestNawaTech" */ = {
			isa = XCConfigurationList;
			buildConfigurations = (
				FCDBD94F2A970DC7003CFB06 /* Debug */,
				FCDBD9502A970DC7003CFB06 /* Release */,
			);
			defaultConfigurationIsVisible = 0;
			defaultConfigurationName = Release;
		};
		FCDBD9512A970DC7003CFB06 /* Build configuration list for PBXNativeTarget "TestNawaTech" */ = {
			isa = XCConfigurationList;
			buildConfigurations = (
				FCDBD9522A970DC7003CFB06 /* Debug */,
				FCDBD9532A970DC7003CFB06 /* Release */,
			);
			defaultConfigurationIsVisible = 0;
			defaultConfigurationName = Release;
		};
		FCDBD9542A970DC7003CFB06 /* Build configuration list for PBXNativeTarget "TestNawaTechTests" */ = {
			isa = XCConfigurationList;
			buildConfigurations = (
				FCDBD9552A970DC7003CFB06 /* Debug */,
				FCDBD9562A970DC7003CFB06 /* Release */,
			);
			defaultConfigurationIsVisible = 0;
			defaultConfigurationName = Release;
		};
		FCDBD9572A970DC7003CFB06 /* Build configuration list for PBXNativeTarget "TestNawaTechUITests" */ = {
			isa = XCConfigurationList;
			buildConfigurations = (
				FCDBD9582A970DC7003CFB06 /* Debug */,
				FCDBD9592A970DC7003CFB06 /* Release */,
			);
			defaultConfigurationIsVisible = 0;
			defaultConfigurationName = Release;
		};
/* End XCConfigurationList section */

/* Begin XCVersionGroup section */
		FCDBD9302A970DC5003CFB06 /* TestNawaTech.xcdatamodeld */ = {
			isa = XCVersionGroup;
			children = (
				FCDBD9312A970DC5003CFB06 /* TestNawaTech.xcdatamodel */,
			);
			currentVersion = FCDBD9312A970DC5003CFB06 /* TestNawaTech.xcdatamodel */;
			path = TestNawaTech.xcdatamodeld;
			sourceTree = "<group>";
			versionGroupType = wrapper.xcdatamodel;
		};
/* End XCVersionGroup section */
	};
	rootObject = FCDBD91C2A970DC5003CFB06 /* Project object */;
}
